github.com/golang/glog v1.2.0 h1:uCdmnmatrKCgMBlM4rMuJZWOkPDqdbZPnrMXDY4gI68=
github.com/golang/glog v1.2.0/go.mod h1:6AhwSGph0fcJtXVM/PEHPqZlFeoLxhs7/t5UDAwmO+w=
github.com/google/go-cmp v0.6.0 h1:ofyhxvXcZhMsU5ulbFiLKl/XBFqE1GSq7atu8tAmTRI=
github.com/open-horizon/edge-sync-service v1.10.1 h1:+b+YTPqyxyhieixaFoV03Bs0Fmy5HGZtOIkhMG8OkMo=
github.com/open-horizon/edge-sync-service v1.10.1/go.mod h1:yCK3f59UHnoLU0Tz2/RhuLGygJFlZoqlP8kpmQ3Gqd4=
github.com/open-horizon/edge-utilities v0.0.0-20190711093331-0908b45a7152 h1:YEvNOMo3ANOQ3AwsU0cCcBA4nKHDLUlyUCRWk5rBf68=
github.com/open-horizon/edge-utilities v0.0.0-20190711093331-0908b45a7152/go.mod h1:YCsJWhuG0VERquI0geFKoneCSOVAyMdSmylGz5OlZdE=
golang.org/x/sync v0.6.0 h1:5BMeUDZ7vkXGfEr1x9B4bRcTH4lpkTkpdh0T/J+qjbQ=
golang.org/x/sync v0.6.0/go.mod h1:Czt+wKu1gCyEFDUtn0jG5QVvpJ6rzVqr5aXyt9drQfk=
